
Microsoft Visual Studio Solution File, Format Version 12.00
# Visual Studio Version 17
VisualStudioVersion = 17.1.32319.34
MinimumVisualStudioVersion = 10.0.40219.1
Project("{9A19103F-16F7-4668-BE54-9A1E7A4F7556}") = "Multiply", "CodeWars\Multiply.csproj", "{F7396513-132F-4E04-BF68-4E5B54D67A14}"
EndProject
Project("{FAE04EC0-301F-11D3-BF4B-00C04F79EFBC}") = "DigitalRoot", "DigitalRoot\DigitalRoot.csproj", "{BD131D6D-2B2F-4ECF-B108-AE3395C82A78}"
EndProject
Global
	GlobalSection(SolutionConfigurationPlatforms) = preSolution
		Debug|Any CPU = Debug|Any CPU
		Release|Any CPU = Release|Any CPU
	EndGlobalSection
	GlobalSection(ProjectConfigurationPlatforms) = postSolution
		{F7396513-132F-4E04-BF68-4E5B54D67A14}.Debug|Any CPU.ActiveCfg = Debug|Any CPU
		{F7396513-132F-4E04-BF68-4E5B54D67A14}.Debug|Any CPU.Build.0 = Debug|Any CPU
		{F7396513-132F-4E04-BF68-4E5B54D67A14}.Release|Any CPU.ActiveCfg = Release|Any CPU
		{F7396513-132F-4E04-BF68-4E5B54D67A14}.Release|Any CPU.Build.0 = Release|Any CPU
		{BD131D6D-2B2F-4ECF-B108-AE3395C82A78}.Debug|Any CPU.ActiveCfg = Debug|Any CPU
		{BD131D6D-2B2F-4ECF-B108-AE3395C82A78}.Debug|Any CPU.Build.0 = Debug|Any CPU
		{BD131D6D-2B2F-4ECF-B108-AE3395C82A78}.Release|Any CPU.ActiveCfg = Release|Any CPU
		{BD131D6D-2B2F-4ECF-B108-AE3395C82A78}.Release|Any CPU.Build.0 = Release|Any CPU
	EndGlobalSection
	GlobalSection(SolutionProperties) = preSolution
		HideSolutionNode = FALSE
	EndGlobalSection
	GlobalSection(ExtensibilityGlobals) = postSolution
		SolutionGuid = {FD4F56F8-88AD-46DC-869C-0CF0F41EBCAC}
	EndGlobalSection
EndGlobal
